
Microsoft Visual Studio Solution File, Format Version 12.00
# Visual Studio 15
Project("{FAE04EC0-301F-11D3-BF4B-00C04F79EFBC}") = "OrderService", "OrderService.csproj", "{BC2076E9-FCC2-4EA0-94E6-3D3B0CCFA337}"
EndProject
Global
	GlobalSection(SolutionConfigurationPlatforms) = preSolution
		Debug|Any CPU = Debug|Any CPU
		Release|Any CPU = Release|Any CPU
	EndGlobalSection
	GlobalSection(ProjectConfigurationPlatforms) = postSolution
		{BC2076E9-FCC2-4EA0-94E6-3D3B0CCFA337}.Debug|Any CPU.ActiveCfg = Debug|Any CPU
		{BC2076E9-FCC2-4EA0-94E6-3D3B0CCFA337}.Debug|Any CPU.Build.0 = Debug|Any CPU
		{BC2076E9-FCC2-4EA0-94E6-3D3B0CCFA337}.Release|Any CPU.ActiveCfg = Release|Any CPU
		{BC2076E9-FCC2-4EA0-94E6-3D3B0CCFA337}.Release|Any CPU.Build.0 = Release|Any CPU
	EndGlobalSection
EndGlobal
